{
    "version": 3,
    "terraform_version": "0.11.3",
    "serial": 8,
    "lineage": "e661ec21-ed7c-4ac2-adcf-d0acaae4386a",
    "modules": [
        {
            "path": [
                "root"
            ],
            "outputs": {
                "instance": {
                    "sensitive": false,
                    "type": "string",
                    "value": "18.219.165.56"
                }
            },
            "resources": {
                "aws_eip.nat": {
                    "type": "aws_eip",
                    "depends_on": [],
                    "primary": {
                        "id": "eipalloc-4a437064",
                        "attributes": {
                            "association_id": "eipassoc-5d03f7a1",
                            "domain": "vpc",
                            "id": "eipalloc-4a437064",
                            "instance": "",
                            "network_interface": "eni-3fd59961",
                            "private_ip": "10.0.1.9",
                            "public_ip": "18.219.75.47",
                            "tags.%": "0",
                            "vpc": "true"
                        },
                        "meta": {},
                        "tainted": false
                    },
                    "deposed": [],
                    "provider": "provider.aws"
                },
                "aws_instance.example": {
                    "type": "aws_instance",
                    "depends_on": [
                        "aws_key_pair.mykeypair",
                        "aws_security_group.allow-ports",
                        "aws_subnet.main-public-1"
                    ],
                    "primary": {
                        "id": "i-011c23fda868161c8",
                        "attributes": {
                            "ami": "ami-f63b1193",
                            "associate_public_ip_address": "true",
                            "availability_zone": "us-east-2a",
                            "disable_api_termination": "false",
                            "ebs_block_device.#": "0",
                            "ebs_optimized": "false",
                            "ephemeral_block_device.#": "0",
                            "iam_instance_profile": "",
                            "id": "i-011c23fda868161c8",
                            "instance_state": "running",
                            "instance_type": "t2.micro",
                            "ipv6_addresses.#": "0",
                            "key_name": "mykeypair",
                            "monitoring": "false",
                            "network_interface.#": "0",
                            "network_interface_id": "eni-1cd49842",
                            "placement_group": "",
                            "primary_network_interface_id": "eni-1cd49842",
                            "private_dns": "ip-10-0-1-116.us-east-2.compute.internal",
                            "private_ip": "10.0.1.116",
                            "public_dns": "ec2-18-219-165-56.us-east-2.compute.amazonaws.com",
                            "public_ip": "18.219.165.56",
                            "root_block_device.#": "1",
                            "root_block_device.0.delete_on_termination": "true",
                            "root_block_device.0.iops": "100",
                            "root_block_device.0.volume_id": "vol-01555dd61264a6746",
                            "root_block_device.0.volume_size": "8",
                            "root_block_device.0.volume_type": "gp2",
                            "security_groups.#": "0",
                            "source_dest_check": "true",
                            "subnet_id": "subnet-8d9828e5",
                            "tags.%": "2",
                            "tags.Name": "test_server",
                            "tags.role": "Docker-Worker",
                            "tenancy": "default",
                            "volume_tags.%": "0",
                            "vpc_security_group_ids.#": "1",
                            "vpc_security_group_ids.3549409853": "sg-a2f645c9"
                        },
                        "meta": {
                            "e2bfb730-ecaa-11e6-8f88-34363bc7c4c0": {
                                "create": 600000000000,
                                "delete": 600000000000,
                                "update": 600000000000
                            },
                            "schema_version": "1"
                        },
                        "tainted": false
                    },
                    "deposed": [],
                    "provider": "provider.aws"
                },
                "aws_internet_gateway.main-gw": {
                    "type": "aws_internet_gateway",
                    "depends_on": [
                        "aws_vpc.Eureka_Test_VPC"
                    ],
                    "primary": {
                        "id": "igw-6a474b03",
                        "attributes": {
                            "id": "igw-6a474b03",
                            "tags.%": "1",
                            "tags.Name": "main",
                            "vpc_id": "vpc-aaee58c2"
                        },
                        "meta": {},
                        "tainted": false
                    },
                    "deposed": [],
                    "provider": "provider.aws"
                },
                "aws_key_pair.mykeypair": {
                    "type": "aws_key_pair",
                    "depends_on": [],
                    "primary": {
                        "id": "mykeypair",
                        "attributes": {
                            "fingerprint": "87:b2:0c:36:8b:01:34:50:4d:30:15:c9:7a:88:02:60",
                            "id": "mykeypair",
                            "key_name": "mykeypair",
                            "public_key": "ssh-rsa AAAAB3NzaC1yc2EAAAADAQABAAABAQDc97Mq6QaMgBD5Bi8kvgKb3YklbhhL/yuVbKmSPPdRO33RAj8O9vAGeOqYruRVWqWC5KhCu9kFQ/umdpuBxuhFy2ZzhMJ+PpSuffFLKrcyEwkZpFInA06BAltz4C1PANOwWMYMbYbU5vJZb5kUrvD2/vPpdHMikn1n1Lh04HBNPryJeW+aIwDlW0AcjjUhiyifM7lPozvfSpChVzHXSM0gPul2kWvLXRXEbkkdPybinA/qe48JyjYZIbU/nEV7xcKvDbMu/sl1Js33ekyOEofiX9mZ0RU9XKBKWahtTtwQr1m08rLixTHL4odAk2Dnax8U5IgKP9tlz3u69nrKDWiV kevinmcgarry@Kevin-MacBook-Pro.local"
                        },
                        "meta": {
                            "schema_version": "1"
                        },
                        "tainted": false
                    },
                    "deposed": [],
                    "provider": "provider.aws"
                },
                "aws_nat_gateway.nat-gw": {
                    "type": "aws_nat_gateway",
                    "depends_on": [
                        "aws_eip.nat",
                        "aws_internet_gateway.main-gw",
                        "aws_subnet.main-public-1"
                    ],
                    "primary": {
                        "id": "nat-084864e5aa7ef3e39",
                        "attributes": {
                            "allocation_id": "eipalloc-4a437064",
                            "id": "nat-084864e5aa7ef3e39",
                            "network_interface_id": "eni-3fd59961",
                            "private_ip": "10.0.1.9",
                            "public_ip": "18.219.75.47",
                            "subnet_id": "subnet-8d9828e5",
                            "tags.%": "0"
                        },
                        "meta": {},
                        "tainted": false
                    },
                    "deposed": [],
                    "provider": "provider.aws"
                },
                "aws_route_table.main-private": {
                    "type": "aws_route_table",
                    "depends_on": [
                        "aws_nat_gateway.nat-gw",
                        "aws_vpc.Eureka_Test_VPC"
                    ],
                    "primary": {
                        "id": "rtb-e3a4c68b",
                        "attributes": {
                            "id": "rtb-e3a4c68b",
                            "propagating_vgws.#": "0",
                            "route.#": "1",
                            "route.3795538425.cidr_block": "0.0.0.0/0",
                            "route.3795538425.egress_only_gateway_id": "",
                            "route.3795538425.gateway_id": "",
                            "route.3795538425.instance_id": "",
                            "route.3795538425.ipv6_cidr_block": "",
                            "route.3795538425.nat_gateway_id": "nat-084864e5aa7ef3e39",
                            "route.3795538425.network_interface_id": "",
                            "route.3795538425.vpc_peering_connection_id": "",
                            "tags.%": "1",
                            "tags.Name": "main-private-1",
                            "vpc_id": "vpc-aaee58c2"
                        },
                        "meta": {},
                        "tainted": false
                    },
                    "deposed": [],
                    "provider": "provider.aws"
                },
                "aws_route_table.main-public": {
                    "type": "aws_route_table",
                    "depends_on": [
                        "aws_internet_gateway.main-gw",
                        "aws_vpc.Eureka_Test_VPC"
                    ],
                    "primary": {
                        "id": "rtb-0faac867",
                        "attributes": {
                            "id": "rtb-0faac867",
                            "propagating_vgws.#": "0",
                            "route.#": "1",
                            "route.64298021.cidr_block": "0.0.0.0/0",
                            "route.64298021.egress_only_gateway_id": "",
                            "route.64298021.gateway_id": "igw-6a474b03",
                            "route.64298021.instance_id": "",
                            "route.64298021.ipv6_cidr_block": "",
                            "route.64298021.nat_gateway_id": "",
                            "route.64298021.network_interface_id": "",
                            "route.64298021.vpc_peering_connection_id": "",
                            "tags.%": "1",
                            "tags.Name": "main-public-1",
                            "vpc_id": "vpc-aaee58c2"
                        },
                        "meta": {},
                        "tainted": false
                    },
                    "deposed": [],
                    "provider": "provider.aws"
                },
                "aws_route_table_association.main-private-1-a": {
                    "type": "aws_route_table_association",
                    "depends_on": [
                        "aws_route_table.main-private",
                        "aws_subnet.main-private-1"
                    ],
                    "primary": {
                        "id": "rtbassoc-9f6b85f4",
                        "attributes": {
                            "id": "rtbassoc-9f6b85f4",
                            "route_table_id": "rtb-e3a4c68b",
                            "subnet_id": "subnet-969929fe"
                        },
                        "meta": {},
                        "tainted": false
                    },
                    "deposed": [],
                    "provider": "provider.aws"
                },
                "aws_route_table_association.main-private-2-a": {
                    "type": "aws_route_table_association",
                    "depends_on": [
                        "aws_route_table.main-private",
                        "aws_subnet.main-private-2"
                    ],
                    "primary": {
                        "id": "rtbassoc-02648a69",
                        "attributes": {
                            "id": "rtbassoc-02648a69",
                            "route_table_id": "rtb-e3a4c68b",
                            "subnet_id": "subnet-79ea0103"
                        },
                        "meta": {},
                        "tainted": false
                    },
                    "deposed": [],
                    "provider": "provider.aws"
                },
                "aws_route_table_association.main-private-3-a": {
                    "type": "aws_route_table_association",
                    "depends_on": [
                        "aws_route_table.main-private",
                        "aws_subnet.main-private-3"
                    ],
                    "primary": {
                        "id": "rtbassoc-7569871e",
                        "attributes": {
                            "id": "rtbassoc-7569871e",
                            "route_table_id": "rtb-e3a4c68b",
                            "subnet_id": "subnet-db2d0e96"
                        },
                        "meta": {},
                        "tainted": false
                    },
                    "deposed": [],
                    "provider": "provider.aws"
                },
                "aws_route_table_association.main-public-1-a": {
                    "type": "aws_route_table_association",
                    "depends_on": [
                        "aws_route_table.main-public",
                        "aws_subnet.main-public-1"
                    ],
                    "primary": {
                        "id": "rtbassoc-a16a84ca",
                        "attributes": {
                            "id": "rtbassoc-a16a84ca",
                            "route_table_id": "rtb-0faac867",
                            "subnet_id": "subnet-8d9828e5"
                        },
                        "meta": {},
                        "tainted": false
                    },
                    "deposed": [],
                    "provider": "provider.aws"
                },
                "aws_route_table_association.main-public-2-a": {
                    "type": "aws_route_table_association",
                    "depends_on": [
                        "aws_route_table.main-public",
                        "aws_subnet.main-public-2"
                    ],
                    "primary": {
                        "id": "rtbassoc-876b85ec",
                        "attributes": {
                            "id": "rtbassoc-876b85ec",
                            "route_table_id": "rtb-0faac867",
                            "subnet_id": "subnet-7eea0104"
                        },
                        "meta": {},
                        "tainted": false
                    },
                    "deposed": [],
                    "provider": "provider.aws"
                },
                "aws_route_table_association.main-public-3-a": {
                    "type": "aws_route_table_association",
                    "depends_on": [
                        "aws_route_table.main-public",
                        "aws_subnet.main-public-3"
                    ],
                    "primary": {
                        "id": "rtbassoc-3b688650",
                        "attributes": {
                            "id": "rtbassoc-3b688650",
                            "route_table_id": "rtb-0faac867",
                            "subnet_id": "subnet-9e2e0dd3"
                        },
                        "meta": {},
                        "tainted": false
                    },
                    "deposed": [],
                    "provider": "provider.aws"
                },
                "aws_security_group.allow-ports": {
                    "type": "aws_security_group",
                    "depends_on": [
                        "aws_vpc.Eureka_Test_VPC"
                    ],
                    "primary": {
                        "id": "sg-a2f645c9",
                        "attributes": {
                            "description": "security group that allows ssh and all egress traffic",
                            "egress.#": "1",
                            "egress.482069346.cidr_blocks.#": "1",
                            "egress.482069346.cidr_blocks.0": "0.0.0.0/0",
                            "egress.482069346.description": "",
                            "egress.482069346.from_port": "0",
                            "egress.482069346.ipv6_cidr_blocks.#": "0",
                            "egress.482069346.prefix_list_ids.#": "0",
                            "egress.482069346.protocol": "-1",
                            "egress.482069346.security_groups.#": "0",
                            "egress.482069346.self": "false",
                            "egress.482069346.to_port": "0",
                            "id": "sg-a2f645c9",
                            "ingress.#": "2",
                            "ingress.1071557351.cidr_blocks.#": "2",
                            "ingress.1071557351.cidr_blocks.0": "10.10.0.10/32",
                            "ingress.1071557351.cidr_blocks.1": "71.42.237.146/32",
                            "ingress.1071557351.description": "",
                            "ingress.1071557351.from_port": "22",
                            "ingress.1071557351.ipv6_cidr_blocks.#": "0",
                            "ingress.1071557351.protocol": "tcp",
                            "ingress.1071557351.security_groups.#": "0",
                            "ingress.1071557351.self": "false",
                            "ingress.1071557351.to_port": "22",
                            "ingress.2617001939.cidr_blocks.#": "1",
                            "ingress.2617001939.cidr_blocks.0": "0.0.0.0/0",
                            "ingress.2617001939.description": "",
                            "ingress.2617001939.from_port": "443",
                            "ingress.2617001939.ipv6_cidr_blocks.#": "0",
                            "ingress.2617001939.protocol": "tcp",
                            "ingress.2617001939.security_groups.#": "0",
                            "ingress.2617001939.self": "false",
                            "ingress.2617001939.to_port": "443",
                            "name": "allow-ports",
                            "owner_id": "148069999550",
                            "revoke_rules_on_delete": "false",
                            "tags.%": "1",
                            "tags.Name": "allow-ports",
                            "vpc_id": "vpc-aaee58c2"
                        },
                        "meta": {
                            "schema_version": "1"
                        },
                        "tainted": false
                    },
                    "deposed": [],
                    "provider": "provider.aws"
                },
                "aws_subnet.main-private-1": {
                    "type": "aws_subnet",
                    "depends_on": [
                        "aws_vpc.Eureka_Test_VPC"
                    ],
                    "primary": {
                        "id": "subnet-969929fe",
                        "attributes": {
                            "assign_ipv6_address_on_creation": "false",
                            "availability_zone": "us-east-2a",
                            "cidr_block": "10.0.4.0/24",
                            "id": "subnet-969929fe",
                            "map_public_ip_on_launch": "false",
                            "tags.%": "1",
                            "tags.Name": "main-private-1",
                            "vpc_id": "vpc-aaee58c2"
                        },
                        "meta": {
                            "schema_version": "1"
                        },
                        "tainted": false
                    },
                    "deposed": [],
                    "provider": "provider.aws"
                },
                "aws_subnet.main-private-2": {
                    "type": "aws_subnet",
                    "depends_on": [
                        "aws_vpc.Eureka_Test_VPC"
                    ],
                    "primary": {
                        "id": "subnet-79ea0103",
                        "attributes": {
                            "assign_ipv6_address_on_creation": "false",
                            "availability_zone": "us-east-2b",
                            "cidr_block": "10.0.5.0/24",
                            "id": "subnet-79ea0103",
                            "map_public_ip_on_launch": "false",
                            "tags.%": "1",
                            "tags.Name": "main-private-2",
                            "vpc_id": "vpc-aaee58c2"
                        },
                        "meta": {
                            "schema_version": "1"
                        },
                        "tainted": false
                    },
                    "deposed": [],
                    "provider": "provider.aws"
                },
                "aws_subnet.main-private-3": {
                    "type": "aws_subnet",
                    "depends_on": [
                        "aws_vpc.Eureka_Test_VPC"
                    ],
                    "primary": {
                        "id": "subnet-db2d0e96",
                        "attributes": {
                            "assign_ipv6_address_on_creation": "false",
                            "availability_zone": "us-east-2c",
                            "cidr_block": "10.0.6.0/24",
                            "id": "subnet-db2d0e96",
                            "map_public_ip_on_launch": "false",
                            "tags.%": "1",
                            "tags.Name": "main-private-3",
                            "vpc_id": "vpc-aaee58c2"
                        },
                        "meta": {
                            "schema_version": "1"
                        },
                        "tainted": false
                    },
                    "deposed": [],
                    "provider": "provider.aws"
                },
                "aws_subnet.main-public-1": {
                    "type": "aws_subnet",
                    "depends_on": [
                        "aws_vpc.Eureka_Test_VPC"
                    ],
                    "primary": {
                        "id": "subnet-8d9828e5",
                        "attributes": {
                            "assign_ipv6_address_on_creation": "false",
                            "availability_zone": "us-east-2a",
                            "cidr_block": "10.0.1.0/24",
                            "id": "subnet-8d9828e5",
                            "map_public_ip_on_launch": "true",
                            "tags.%": "1",
                            "tags.Name": "main-public-1",
                            "vpc_id": "vpc-aaee58c2"
                        },
                        "meta": {
                            "schema_version": "1"
                        },
                        "tainted": false
                    },
                    "deposed": [],
                    "provider": "provider.aws"
                },
                "aws_subnet.main-public-2": {
                    "type": "aws_subnet",
                    "depends_on": [
                        "aws_vpc.Eureka_Test_VPC"
                    ],
                    "primary": {
                        "id": "subnet-7eea0104",
                        "attributes": {
                            "assign_ipv6_address_on_creation": "false",
                            "availability_zone": "us-east-2b",
                            "cidr_block": "10.0.2.0/24",
                            "id": "subnet-7eea0104",
                            "map_public_ip_on_launch": "true",
                            "tags.%": "1",
                            "tags.Name": "main-public-2",
                            "vpc_id": "vpc-aaee58c2"
                        },
                        "meta": {
                            "schema_version": "1"
                        },
                        "tainted": false
                    },
                    "deposed": [],
                    "provider": "provider.aws"
                },
                "aws_subnet.main-public-3": {
                    "type": "aws_subnet",
                    "depends_on": [
                        "aws_vpc.Eureka_Test_VPC"
                    ],
                    "primary": {
                        "id": "subnet-9e2e0dd3",
                        "attributes": {
                            "assign_ipv6_address_on_creation": "false",
                            "availability_zone": "us-east-2c",
                            "cidr_block": "10.0.3.0/24",
                            "id": "subnet-9e2e0dd3",
                            "map_public_ip_on_launch": "true",
                            "tags.%": "1",
                            "tags.Name": "main-public-3",
                            "vpc_id": "vpc-aaee58c2"
                        },
                        "meta": {
                            "schema_version": "1"
                        },
                        "tainted": false
                    },
                    "deposed": [],
                    "provider": "provider.aws"
                },
                "aws_vpc.Eureka_Test_VPC": {
                    "type": "aws_vpc",
                    "depends_on": [],
                    "primary": {
                        "id": "vpc-aaee58c2",
                        "attributes": {
                            "assign_generated_ipv6_cidr_block": "false",
                            "cidr_block": "10.0.0.0/16",
                            "default_network_acl_id": "acl-78118410",
                            "default_route_table_id": "rtb-0eaac866",
                            "default_security_group_id": "sg-a3fb48c8",
                            "dhcp_options_id": "dopt-1a24ce73",
                            "enable_classiclink": "false",
                            "enable_dns_hostnames": "true",
                            "enable_dns_support": "true",
                            "id": "vpc-aaee58c2",
                            "instance_tenancy": "default",
                            "main_route_table_id": "rtb-0eaac866",
                            "tags.%": "1",
                            "tags.Name": "Eureka_Test_VPC"
                        },
                        "meta": {
                            "schema_version": "1"
                        },
                        "tainted": false
                    },
                    "deposed": [],
                    "provider": "provider.aws"
                }
            },
            "depends_on": []
        }
    ]
}
